
Microsoft Visual Studio Solution File, Format Version 12.00
# Visual Studio Version 16
VisualStudioVersion = 16.0.29306.81
MinimumVisualStudioVersion = 10.0.40219.1
Project("{FAE04EC0-301F-11D3-BF4B-00C04F79EFBC}") = "cvekŠpraljaJakovPetlje", "cvekŠpraljaJakovPetlje\cvekŠpraljaJakovPetlje.csproj", "{F84E2BB7-68F3-45AB-9DE9-4A715A27F737}"
EndProject
Global
	GlobalSection(SolutionConfigurationPlatforms) = preSolution
		Debug|Any CPU = Debug|Any CPU
		Release|Any CPU = Release|Any CPU
	EndGlobalSection
	GlobalSection(ProjectConfigurationPlatforms) = postSolution
		{F84E2BB7-68F3-45AB-9DE9-4A715A27F737}.Debug|Any CPU.ActiveCfg = Debug|Any CPU
		{F84E2BB7-68F3-45AB-9DE9-4A715A27F737}.Debug|Any CPU.Build.0 = Debug|Any CPU
		{F84E2BB7-68F3-45AB-9DE9-4A715A27F737}.Release|Any CPU.ActiveCfg = Release|Any CPU
		{F84E2BB7-68F3-45AB-9DE9-4A715A27F737}.Release|Any CPU.Build.0 = Release|Any CPU
	EndGlobalSection
	GlobalSection(SolutionProperties) = preSolution
		HideSolutionNode = FALSE
	EndGlobalSection
	GlobalSection(ExtensibilityGlobals) = postSolution
		SolutionGuid = {00D6FE0C-6864-49C2-8736-7A1CF3FFDDBA}
	EndGlobalSection
EndGlobal
